// !$*UTF8*$!
{
	archiveVersion = 1;
	classes = {
	};
	objectVersion = 46;
	objects = {

/* Begin PBXBuildFile section */
		7EE2FAC81CE184E9008BC9F3 /* main.m in Sources */ = {isa = PBXBuildFile; fileRef = 7EE2FAC71CE184E9008BC9F3 /* main.m */; };
		7EE2FACB1CE184E9008BC9F3 /* AppDelegate.m in Sources */ = {isa = PBXBuildFile; fileRef = 7EE2FACA1CE184E9008BC9F3 /* AppDelegate.m */; };
		7EE2FACE1CE184E9008BC9F3 /* ViewController.m in Sources */ = {isa = PBXBuildFile; fileRef = 7EE2FACD1CE184E9008BC9F3 /* ViewController.m */; };
		7EE2FAD11CE184E9008BC9F3 /* Main.storyboard in Resources */ = {isa = PBXBuildFile; fileRef = 7EE2FACF1CE184E9008BC9F3 /* Main.storyboard */; };
		7EE2FAD31CE184E9008BC9F3 /* Assets.xcassets in Resources */ = {isa = PBXBuildFile; fileRef = 7EE2FAD21CE184E9008BC9F3 /* Assets.xcassets */; };
		7EE2FAD61CE184E9008BC9F3 /* LaunchScreen.storyboard in Resources */ = {isa = PBXBuildFile; fileRef = 7EE2FAD41CE184E9008BC9F3 /* LaunchScreen.storyboard */; };
		7EE2FAE11CE184E9008BC9F3 /* ____demoTests.m in Sources */ = {isa = PBXBuildFile; fileRef = 7EE2FAE01CE184E9008BC9F3 /* ____demoTests.m */; };
		7EE2FAEC1CE184E9008BC9F3 /* ____demoUITests.m in Sources */ = {isa = PBXBuildFile; fileRef = 7EE2FAEB1CE184E9008BC9F3 /* ____demoUITests.m */; };
		7EE2FAFE1CE18503008BC9F3 /* TouchIdUnlock.m in Sources */ = {isa = PBXBuildFile; fileRef = 7EE2FAFD1CE18503008BC9F3 /* TouchIdUnlock.m */; settings = {COMPILER_FLAGS = "-fno-objc-arc"; }; };
/* End PBXBuildFile section */

/* Begin PBXContainerItemProxy section */
		7EE2FADD1CE184E9008BC9F3 /* PBXContainerItemProxy */ = {
			isa = PBXContainerItemProxy;
			containerPortal = 7EE2FABB1CE184E8008BC9F3 /* Project object */;
			proxyType = 1;
			remoteGlobalIDString = 7EE2FAC21CE184E9008BC9F3;
			remoteInfo = "手势解锁demo";
		};
		7EE2FAE81CE184E9008BC9F3 /* PBXContainerItemProxy */ = {
			isa = PBXContainerItemProxy;
			containerPortal = 7EE2FABB1CE184E8008BC9F3 /* Project object */;
			proxyType = 1;
			remoteGlobalIDString = 7EE2FAC21CE184E9008BC9F3;
			remoteInfo = "手势解锁demo";
		};
/* End PBXContainerItemProxy section */

/* Begin PBXFileReference section */
		7EE2FAC31CE184E9008BC9F3 /* 手势解锁demo.app */ = {isa = PBXFileReference; explicitFileType = wrapper.application; includeInIndex = 0; path = "手势解锁demo.app"; sourceTree = BUILT_PRODUCTS_DIR; };
		7EE2FAC71CE184E9008BC9F3 /* main.m */ = {isa = PBXFileReference; lastKnownFileType = sourcecode.c.objc; path = main.m; sourceTree = "<group>"; };
		7EE2FAC91CE184E9008BC9F3 /* AppDelegate.h */ = {isa = PBXFileReference; lastKnownFileType = sourcecode.c.h; path = AppDelegate.h; sourceTree = "<group>"; };
		7EE2FACA1CE184E9008BC9F3 /* AppDelegate.m */ = {isa = PBXFileReference; lastKnownFileType = sourcecode.c.objc; path = AppDelegate.m; sourceTree = "<group>"; };
		7EE2FACC1CE184E9008BC9F3 /* ViewController.h */ = {isa = PBXFileReference; lastKnownFileType = sourcecode.c.h; path = ViewController.h; sourceTree = "<group>"; };
		7EE2FACD1CE184E9008BC9F3 /* ViewController.m */ = {isa = PBXFileReference; lastKnownFileType = sourcecode.c.objc; path = ViewController.m; sourceTree = "<group>"; };
		7EE2FAD01CE184E9008BC9F3 /* Base */ = {isa = PBXFileReference; lastKnownFileType = file.storyboard; name = Base; path = Base.lproj/Main.storyboard; sourceTree = "<group>"; };
		7EE2FAD21CE184E9008BC9F3 /* Assets.xcassets */ = {isa = PBXFileReference; lastKnownFileType = folder.assetcatalog; path = Assets.xcassets; sourceTree = "<group>"; };
		7EE2FAD51CE184E9008BC9F3 /* Base */ = {isa = PBXFileReference; lastKnownFileType = file.storyboard; name = Base; path = Base.lproj/LaunchScreen.storyboard; sourceTree = "<group>"; };
		7EE2FAD71CE184E9008BC9F3 /* Info.plist */ = {isa = PBXFileReference; lastKnownFileType = text.plist.xml; path = Info.plist; sourceTree = "<group>"; };
		7EE2FADC1CE184E9008BC9F3 /* 手势解锁demoTests.xctest */ = {isa = PBXFileReference; explicitFileType = wrapper.cfbundle; includeInIndex = 0; path = "手势解锁demoTests.xctest"; sourceTree = BUILT_PRODUCTS_DIR; };
		7EE2FAE01CE184E9008BC9F3 /* ____demoTests.m */ = {isa = PBXFileReference; lastKnownFileType = sourcecode.c.objc; path = "____demoTests.m"; sourceTree = "<group>"; };
		7EE2FAE21CE184E9008BC9F3 /* Info.plist */ = {isa = PBXFileReference; lastKnownFileType = text.plist.xml; path = Info.plist; sourceTree = "<group>"; };
		7EE2FAE71CE184E9008BC9F3 /* 手势解锁demoUITests.xctest */ = {isa = PBXFileReference; explicitFileType = wrapper.cfbundle; includeInIndex = 0; path = "手势解锁demoUITests.xctest"; sourceTree = BUILT_PRODUCTS_DIR; };
		7EE2FAEB1CE184E9008BC9F3 /* ____demoUITests.m */ = {isa = PBXFileReference; lastKnownFileType = sourcecode.c.objc; path = "____demoUITests.m"; sourceTree = "<group>"; };
		7EE2FAED1CE184E9008BC9F3 /* Info.plist */ = {isa = PBXFileReference; lastKnownFileType = text.plist.xml; path = Info.plist; sourceTree = "<group>"; };
		7EE2FAFC1CE18503008BC9F3 /* TouchIdUnlock.h */ = {isa = PBXFileReference; fileEncoding = 4; lastKnownFileType = sourcecode.c.h; path = TouchIdUnlock.h; sourceTree = "<group>"; };
		7EE2FAFD1CE18503008BC9F3 /* TouchIdUnlock.m */ = {isa = PBXFileReference; fileEncoding = 4; lastKnownFileType = sourcecode.c.objc; path = TouchIdUnlock.m; sourceTree = "<group>"; };
/* End PBXFileReference section */

/* Begin PBXFrameworksBuildPhase section */
		7EE2FAC01CE184E9008BC9F3 /* Frameworks */ = {
			isa = PBXFrameworksBuildPhase;
			buildActionMask = 2147483647;
			files = (
			);
			runOnlyForDeploymentPostprocessing = 0;
		};
		7EE2FAD91CE184E9008BC9F3 /* Frameworks */ = {
			isa = PBXFrameworksBuildPhase;
			buildActionMask = 2147483647;
			files = (
			);
			runOnlyForDeploymentPostprocessing = 0;
		};
		7EE2FAE41CE184E9008BC9F3 /* Frameworks */ = {
			isa = PBXFrameworksBuildPhase;
			buildActionMask = 2147483647;
			files = (
			);
			runOnlyForDeploymentPostprocessing = 0;
		};
/* End PBXFrameworksBuildPhase section */

/* Begin PBXGroup section */
		7EE2FABA1CE184E8008BC9F3 = {
			isa = PBXGroup;
			children = (
				7EE2FAC51CE184E9008BC9F3 /* 手势解锁demo */,
				7EE2FADF1CE184E9008BC9F3 /* 手势解锁demoTests */,
				7EE2FAEA1CE184E9008BC9F3 /* 手势解锁demoUITests */,
				7EE2FAC41CE184E9008BC9F3 /* Products */,
			);
			sourceTree = "<group>";
		};
		7EE2FAC41CE184E9008BC9F3 /* Products */ = {
			isa = PBXGroup;
			children = (
				7EE2FAC31CE184E9008BC9F3 /* 手势解锁demo.app */,
				7EE2FADC1CE184E9008BC9F3 /* 手势解锁demoTests.xctest */,
				7EE2FAE71CE184E9008BC9F3 /* 手势解锁demoUITests.xctest */,
			);
			name = Products;
			sourceTree = "<group>";
		};
		7EE2FAC51CE184E9008BC9F3 /* 手势解锁demo */ = {
			isa = PBXGroup;
			children = (
				7EE2FAFB1CE18503008BC9F3 /* TouchIdClass */,
				7EE2FAC91CE184E9008BC9F3 /* AppDelegate.h */,
				7EE2FACA1CE184E9008BC9F3 /* AppDelegate.m */,
				7EE2FACC1CE184E9008BC9F3 /* ViewController.h */,
				7EE2FACD1CE184E9008BC9F3 /* ViewController.m */,
				7EE2FACF1CE184E9008BC9F3 /* Main.storyboard */,
				7EE2FAD21CE184E9008BC9F3 /* Assets.xcassets */,
				7EE2FAD41CE184E9008BC9F3 /* LaunchScreen.storyboard */,
				7EE2FAD71CE184E9008BC9F3 /* Info.plist */,
				7EE2FAC61CE184E9008BC9F3 /* Supporting Files */,
			);
			path = "手势解锁demo";
			sourceTree = "<group>";
		};
		7EE2FAC61CE184E9008BC9F3 /* Supporting Files */ = {
			isa = PBXGroup;
			children = (
				7EE2FAC71CE184E9008BC9F3 /* main.m */,
			);
			name = "Supporting Files";
			sourceTree = "<group>";
		};
		7EE2FADF1CE184E9008BC9F3 /* 手势解锁demoTests */ = {
			isa = PBXGroup;
			children = (
				7EE2FAE01CE184E9008BC9F3 /* ____demoTests.m */,
				7EE2FAE21CE184E9008BC9F3 /* Info.plist */,
			);
			path = "手势解锁demoTests";
			sourceTree = "<group>";
		};
		7EE2FAEA1CE184E9008BC9F3 /* 手势解锁demoUITests */ = {
			isa = PBXGroup;
			children = (
				7EE2FAEB1CE184E9008BC9F3 /* ____demoUITests.m */,
				7EE2FAED1CE184E9008BC9F3 /* Info.plist */,
			);
			path = "手势解锁demoUITests";
			sourceTree = "<group>";
		};
		7EE2FAFB1CE18503008BC9F3 /* TouchIdClass */ = {
			isa = PBXGroup;
			children = (
				7EE2FAFC1CE18503008BC9F3 /* TouchIdUnlock.h */,
				7EE2FAFD1CE18503008BC9F3 /* TouchIdUnlock.m */,
			);
			path = TouchIdClass;
			sourceTree = "<group>";
		};
/* End PBXGroup section */

/* Begin PBXNativeTarget section */
		7EE2FAC21CE184E9008BC9F3 /* 手势解锁demo */ = {
			isa = PBXNativeTarget;
			buildConfigurationList = 7EE2FAF01CE184E9008BC9F3 /* Build configuration list for PBXNativeTarget "手势解锁demo" */;
			buildPhases = (
				7EE2FABF1CE184E9008BC9F3 /* Sources */,
				7EE2FAC01CE184E9008BC9F3 /* Frameworks */,
				7EE2FAC11CE184E9008BC9F3 /* Resources */,
			);
			buildRules = (
			);
			dependencies = (
			);
			name = "手势解锁demo";
			productName = "手势解锁demo";
			productReference = 7EE2FAC31CE184E9008BC9F3 /* 手势解锁demo.app */;
			productType = "com.apple.product-type.application";
		};
		7EE2FADB1CE184E9008BC9F3 /* 手势解锁demoTests */ = {
			isa = PBXNativeTarget;
			buildConfigurationList = 7EE2FAF31CE184E9008BC9F3 /* Build configuration list for PBXNativeTarget "手势解锁demoTests" */;
			buildPhases = (
				7EE2FAD81CE184E9008BC9F3 /* Sources */,
				7EE2FAD91CE184E9008BC9F3 /* Frameworks */,
				7EE2FADA1CE184E9008BC9F3 /* Resources */,
			);
			buildRules = (
			);
			dependencies = (
				7EE2FADE1CE184E9008BC9F3 /* PBXTargetDependency */,
			);
			name = "手势解锁demoTests";
			productName = "手势解锁demoTests";
			productReference = 7EE2FADC1CE184E9008BC9F3 /* 手势解锁demoTests.xctest */;
			productType = "com.apple.product-type.bundle.unit-test";
		};
		7EE2FAE61CE184E9008BC9F3 /* 手势解锁demoUITests */ = {
			isa = PBXNativeTarget;
			buildConfigurationList = 7EE2FAF61CE184E9008BC9F3 /* Build configuration list for PBXNativeTarget "手势解锁demoUITests" */;
			buildPhases = (
				7EE2FAE31CE184E9008BC9F3 /* Sources */,
				7EE2FAE41CE184E9008BC9F3 /* Frameworks */,
				7EE2FAE51CE184E9008BC9F3 /* Resources */,
			);
			buildRules = (
			);
			dependencies = (
				7EE2FAE91CE184E9008BC9F3 /* PBXTargetDependency */,
			);
			name = "手势解锁demoUITests";
			productName = "手势解锁demoUITests";
			productReference = 7EE2FAE71CE184E9008BC9F3 /* 手势解锁demoUITests.xctest */;
			productType = "com.apple.product-type.bundle.ui-testing";
		};
/* End PBXNativeTarget section */

/* Begin PBXProject section */
		7EE2FABB1CE184E8008BC9F3 /* Project object */ = {
			isa = PBXProject;
			attributes = {
				LastUpgradeCheck = 0730;
				ORGANIZATIONNAME = com.hyde.carelink;
				TargetAttributes = {
					7EE2FAC21CE184E9008BC9F3 = {
						CreatedOnToolsVersion = 7.3;
					};
					7EE2FADB1CE184E9008BC9F3 = {
						CreatedOnToolsVersion = 7.3;
						TestTargetID = 7EE2FAC21CE184E9008BC9F3;
					};
					7EE2FAE61CE184E9008BC9F3 = {
						CreatedOnToolsVersion = 7.3;
						TestTargetID = 7EE2FAC21CE184E9008BC9F3;
					};
				};
			};
			buildConfigurationList = 7EE2FABE1CE184E8008BC9F3 /* Build configuration list for PBXProject "手势解锁demo" */;
			compatibilityVersion = "Xcode 3.2";
			developmentRegion = English;
			hasScannedForEncodings = 0;
			knownRegions = (
				en,
				Base,
			);
			mainGroup = 7EE2FABA1CE184E8008BC9F3;
			productRefGroup = 7EE2FAC41CE184E9008BC9F3 /* Products */;
			projectDirPath = "";
			projectRoot = "";
			targets = (
				7EE2FAC21CE184E9008BC9F3 /* 手势解锁demo */,
				7EE2FADB1CE184E9008BC9F3 /* 手势解锁demoTests */,
				7EE2FAE61CE184E9008BC9F3 /* 手势解锁demoUITests */,
			);
		};
/* End PBXProject section */

/* Begin PBXResourcesBuildPhase section */
		7EE2FAC11CE184E9008BC9F3 /* Resources */ = {
			isa = PBXResourcesBuildPhase;
			buildActionMask = 2147483647;
			files = (
				7EE2FAD61CE184E9008BC9F3 /* LaunchScreen.storyboard in Resources */,
				7EE2FAD31CE184E9008BC9F3 /* Assets.xcassets in Resources */,
				7EE2FAD11CE184E9008BC9F3 /* Main.storyboard in Resources */,
			);
			runOnlyForDeploymentPostprocessing = 0;
		};
		7EE2FADA1CE184E9008BC9F3 /* Resources */ = {
			isa = PBXResourcesBuildPhase;
			buildActionMask = 2147483647;
			files = (
			);
			runOnlyForDeploymentPostprocessing = 0;
		};
		7EE2FAE51CE184E9008BC9F3 /* Resources */ = {
			isa = PBXResourcesBuildPhase;
			buildActionMask = 2147483647;
			files = (
			);
			runOnlyForDeploymentPostprocessing = 0;
		};
/* End PBXResourcesBuildPhase section */

/* Begin PBXSourcesBuildPhase section */
		7EE2FABF1CE184E9008BC9F3 /* Sources */ = {
			isa = PBXSourcesBuildPhase;
			buildActionMask = 2147483647;
			files = (
				7EE2FACE1CE184E9008BC9F3 /* ViewController.m in Sources */,
				7EE2FACB1CE184E9008BC9F3 /* AppDelegate.m in Sources */,
				7EE2FAFE1CE18503008BC9F3 /* TouchIdUnlock.m in Sources */,
				7EE2FAC81CE184E9008BC9F3 /* main.m in Sources */,
			);
			runOnlyForDeploymentPostprocessing = 0;
		};
		7EE2FAD81CE184E9008BC9F3 /* Sources */ = {
			isa = PBXSourcesBuildPhase;
			buildActionMask = 2147483647;
			files = (
				7EE2FAE11CE184E9008BC9F3 /* ____demoTests.m in Sources */,
			);
			runOnlyForDeploymentPostprocessing = 0;
		};
		7EE2FAE31CE184E9008BC9F3 /* Sources */ = {
			isa = PBXSourcesBuildPhase;
			buildActionMask = 2147483647;
			files = (
				7EE2FAEC1CE184E9008BC9F3 /* ____demoUITests.m in Sources */,
			);
			runOnlyForDeploymentPostprocessing = 0;
		};
/* End PBXSourcesBuildPhase section */

/* Begin PBXTargetDependency section */
		7EE2FADE1CE184E9008BC9F3 /* PBXTargetDependency */ = {
			isa = PBXTargetDependency;
			target = 7EE2FAC21CE184E9008BC9F3 /* 手势解锁demo */;
			targetProxy = 7EE2FADD1CE184E9008BC9F3 /* PBXContainerItemProxy */;
		};
		7EE2FAE91CE184E9008BC9F3 /* PBXTargetDependency */ = {
			isa = PBXTargetDependency;
			target = 7EE2FAC21CE184E9008BC9F3 /* 手势解锁demo */;
			targetProxy = 7EE2FAE81CE184E9008BC9F3 /* PBXContainerItemProxy */;
		};
/* End PBXTargetDependency section */

/* Begin PBXVariantGroup section */
		7EE2FACF1CE184E9008BC9F3 /* Main.storyboard */ = {
			isa = PBXVariantGroup;
			children = (
				7EE2FAD01CE184E9008BC9F3 /* Base */,
			);
			name = Main.storyboard;
			sourceTree = "<group>";
		};
		7EE2FAD41CE184E9008BC9F3 /* LaunchScreen.storyboard */ = {
			isa = PBXVariantGroup;
			children = (
				7EE2FAD51CE184E9008BC9F3 /* Base */,
			);
			name = LaunchScreen.storyboard;
			sourceTree = "<group>";
		};
/* End PBXVariantGroup section */

/* Begin XCBuildConfiguration section */
		7EE2FAEE1CE184E9008BC9F3 /* Debug */ = {
			isa = XCBuildConfiguration;
			buildSettings = {
				ALWAYS_SEARCH_USER_PATHS = NO;
				CLANG_ANALYZER_NONNULL = YES;
				CLANG_CXX_LANGUAGE_STANDARD = "gnu++0x";
				CLANG_CXX_LIBRARY = "libc++";
				CLANG_ENABLE_MODULES = YES;
				CLANG_ENABLE_OBJC_ARC = YES;
				CLANG_WARN_BOOL_CONVERSION = YES;
				CLANG_WARN_CONSTANT_CONVERSION = YES;
				CLANG_WARN_DIRECT_OBJC_ISA_USAGE = YES_ERROR;
				CLANG_WARN_EMPTY_BODY = YES;
				CLANG_WARN_ENUM_CONVERSION = YES;
				CLANG_WARN_INT_CONVERSION = YES;
				CLANG_WARN_OBJC_ROOT_CLASS = YES_ERROR;
				CLANG_WARN_UNREACHABLE_CODE = YES;
				CLANG_WARN__DUPLICATE_METHOD_MATCH = YES;
				"CODE_SIGN_IDENTITY[sdk=iphoneos*]" = "iPhone Developer";
				COPY_PHASE_STRIP = NO;
				DEBUG_INFORMATION_FORMAT = dwarf;
				ENABLE_STRICT_OBJC_MSGSEND = YES;
				ENABLE_TESTABILITY = YES;
				GCC_C_LANGUAGE_STANDARD = gnu99;
				GCC_DYNAMIC_NO_PIC = NO;
				GCC_NO_COMMON_BLOCKS = YES;
				GCC_OPTIMIZATION_LEVEL = 0;
				GCC_PREPROCESSOR_DEFINITIONS = (
					"DEBUG=1",
					"$(inherited)",
				);
				GCC_WARN_64_TO_32_BIT_CONVERSION = YES;
				GCC_WARN_ABOUT_RETURN_TYPE = YES_ERROR;
				GCC_WARN_UNDECLARED_SELECTOR = YES;
				GCC_WARN_UNINITIALIZED_AUTOS = YES_AGGRESSIVE;
				GCC_WARN_UNUSED_FUNCTION = YES;
				GCC_WARN_UNUSED_VARIABLE = YES;
				IPHONEOS_DEPLOYMENT_TARGET = 9.3;
				MTL_ENABLE_DEBUG_INFO = YES;
				ONLY_ACTIVE_ARCH = YES;
				SDKROOT = iphoneos;
				TARGETED_DEVICE_FAMILY = "1,2";
			};
			name = Debug;
		};
		7EE2FAEF1CE184E9008BC9F3 /* Release */ = {
			isa = XCBuildConfiguration;
			buildSettings = {
				ALWAYS_SEARCH_USER_PATHS = NO;
				CLANG_ANALYZER_NONNULL = YES;
				CLANG_CXX_LANGUAGE_STANDARD = "gnu++0x";
				CLANG_CXX_LIBRARY = "libc++";
				CLANG_ENABLE_MODULES = YES;
				CLANG_ENABLE_OBJC_ARC = YES;
				CLANG_WARN_BOOL_CONVERSION = YES;
				CLANG_WARN_CONSTANT_CONVERSION = YES;
				CLANG_WARN_DIRECT_OBJC_ISA_USAGE = YES_ERROR;
				CLANG_WARN_EMPTY_BODY = YES;
				CLANG_WARN_ENUM_CONVERSION = YES;
				CLANG_WARN_INT_CONVERSION = YES;
				CLANG_WARN_OBJC_ROOT_CLASS = YES_ERROR;
				CLANG_WARN_UNREACHABLE_CODE = YES;
				CLANG_WARN__DUPLICATE_METHOD_MATCH = YES;
				"CODE_SIGN_IDENTITY[sdk=iphoneos*]" = "iPhone Developer";
				COPY_PHASE_STRIP = NO;
				DEBUG_INFORMATION_FORMAT = "dwarf-with-dsym";
				ENABLE_NS_ASSERTIONS = NO;
				ENABLE_STRICT_OBJC_MSGSEND = YES;
				GCC_C_LANGUAGE_STANDARD = gnu99;
				GCC_NO_COMMON_BLOCKS = YES;
				GCC_WARN_64_TO_32_BIT_CONVERSION = YES;
				GCC_WARN_ABOUT_RETURN_TYPE = YES_ERROR;
				GCC_WARN_UNDECLARED_SELECTOR = YES;
				GCC_WARN_UNINITIALIZED_AUTOS = YES_AGGRESSIVE;
				GCC_WARN_UNUSED_FUNCTION = YES;
				GCC_WARN_UNUSED_VARIABLE = YES;
				IPHONEOS_DEPLOYMENT_TARGET = 9.3;
				MTL_ENABLE_DEBUG_INFO = NO;
				SDKROOT = iphoneos;
				TARGETED_DEVICE_FAMILY = "1,2";
				VALIDATE_PRODUCT = YES;
			};
			name = Release;
		};
		7EE2FAF11CE184E9008BC9F3 /* Debug */ = {
			isa = XCBuildConfiguration;
			buildSettings = {
				ASSETCATALOG_COMPILER_APPICON_NAME = AppIcon;
				INFOPLIST_FILE = "手势解锁demo/Info.plist";
				LD_RUNPATH_SEARCH_PATHS = "$(inherited) @executable_path/Frameworks";
				OTHER_LDFLAGS = "-ObjC";
				PRODUCT_BUNDLE_IDENTIFIER = "com.hyde.carelink.----demo";
				PRODUCT_NAME = "$(TARGET_NAME)";
			};
			name = Debug;
		};
		7EE2FAF21CE184E9008BC9F3 /* Release */ = {
			isa = XCBuildConfiguration;
			buildSettings = {
				ASSETCATALOG_COMPILER_APPICON_NAME = AppIcon;
				INFOPLIST_FILE = "手势解锁demo/Info.plist";
				LD_RUNPATH_SEARCH_PATHS = "$(inherited) @executable_path/Frameworks";
				OTHER_LDFLAGS = "-ObjC";
				PRODUCT_BUNDLE_IDENTIFIER = "com.hyde.carelink.----demo";
				PRODUCT_NAME = "$(TARGET_NAME)";
			};
			name = Release;
		};
		7EE2FAF41CE184E9008BC9F3 /* Debug */ = {
			isa = XCBuildConfiguration;
			buildSettings = {
				BUNDLE_LOADER = "$(TEST_HOST)";
				INFOPLIST_FILE = "手势解锁demoTests/Info.plist";
				LD_RUNPATH_SEARCH_PATHS = "$(inherited) @executable_path/Frameworks @loader_path/Frameworks";
				PRODUCT_BUNDLE_IDENTIFIER = "com.hyde.carelink.----demoTests";
				PRODUCT_NAME = "$(TARGET_NAME)";
				TEST_HOST = "$(BUILT_PRODUCTS_DIR)/手势解锁demo.app/手势解锁demo";
			};
			name = Debug;
		};
		7EE2FAF51CE184E9008BC9F3 /* Release */ = {
			isa = XCBuildConfiguration;
			buildSettings = {
				BUNDLE_LOADER = "$(TEST_HOST)";
				INFOPLIST_FILE = "手势解锁demoTests/Info.plist";
				LD_RUNPATH_SEARCH_PATHS = "$(inherited) @executable_path/Frameworks @loader_path/Frameworks";
				PRODUCT_BUNDLE_IDENTIFIER = "com.hyde.carelink.----demoTests";
				PRODUCT_NAME = "$(TARGET_NAME)";
				TEST_HOST = "$(BUILT_PRODUCTS_DIR)/手势解锁demo.app/手势解锁demo";
			};
			name = Release;
		};
		7EE2FAF71CE184E9008BC9F3 /* Debug */ = {
			isa = XCBuildConfiguration;
			buildSettings = {
				INFOPLIST_FILE = "手势解锁demoUITests/Info.plist";
				LD_RUNPATH_SEARCH_PATHS = "$(inherited) @executable_path/Frameworks @loader_path/Frameworks";
				PRODUCT_BUNDLE_IDENTIFIER = "com.hyde.carelink.----demoUITests";
				PRODUCT_NAME = "$(TARGET_NAME)";
				TEST_TARGET_NAME = "手势解锁demo";
			};
			name = Debug;
		};
		7EE2FAF81CE184E9008BC9F3 /* Release */ = {
			isa = XCBuildConfiguration;
			buildSettings = {
				INFOPLIST_FILE = "手势解锁demoUITests/Info.plist";
				LD_RUNPATH_SEARCH_PATHS = "$(inherited) @executable_path/Frameworks @loader_path/Frameworks";
				PRODUCT_BUNDLE_IDENTIFIER = "com.hyde.carelink.----demoUITests";
				PRODUCT_NAME = "$(TARGET_NAME)";
				TEST_TARGET_NAME = "手势解锁demo";
			};
			name = Release;
		};
/* End XCBuildConfiguration section */

/* Begin XCConfigurationList section */
		7EE2FABE1CE184E8008BC9F3 /* Build configuration list for PBXProject "手势解锁demo" */ = {
			isa = XCConfigurationList;
			buildConfigurations = (
				7EE2FAEE1CE184E9008BC9F3 /* Debug */,
				7EE2FAEF1CE184E9008BC9F3 /* Release */,
			);
			defaultConfigurationIsVisible = 0;
			defaultConfigurationName = Release;
		};
		7EE2FAF01CE184E9008BC9F3 /* Build configuration list for PBXNativeTarget "手势解锁demo" */ = {
			isa = XCConfigurationList;
			buildConfigurations = (
				7EE2FAF11CE184E9008BC9F3 /* Debug */,
				7EE2FAF21CE184E9008BC9F3 /* Release */,
			);
			defaultConfigurationIsVisible = 0;
		};
		7EE2FAF31CE184E9008BC9F3 /* Build configuration list for PBXNativeTarget "手势解锁demoTests" */ = {
			isa = XCConfigurationList;
			buildConfigurations = (
				7EE2FAF41CE184E9008BC9F3 /* Debug */,
				7EE2FAF51CE184E9008BC9F3 /* Release */,
			);
			defaultConfigurationIsVisible = 0;
		};
		7EE2FAF61CE184E9008BC9F3 /* Build configuration list for PBXNativeTarget "手势解锁demoUITests" */ = {
			isa = XCConfigurationList;
			buildConfigurations = (
				7EE2FAF71CE184E9008BC9F3 /* Debug */,
				7EE2FAF81CE184E9008BC9F3 /* Release */,
			);
			defaultConfigurationIsVisible = 0;
		};
/* End XCConfigurationList section */
	};
	rootObject = 7EE2FABB1CE184E8008BC9F3 /* Project object */;
}
